
Microsoft Visual Studio Solution File, Format Version 12.00
# Visual Studio Version 17
VisualStudioVersion = 17.13.35913.81 d17.13
MinimumVisualStudioVersion = 10.0.40219.1
Project("{8BC9CEB8-8B4A-11D0-8D11-00A0C91BC942}") = "EchoServer", "EchoServer.vcxproj", "{58430592-89B7-4526-876A-24BD91D60BD5}"
EndProject
Global
	GlobalSection(SolutionConfigurationPlatforms) = preSolution
		Debug|x64 = Debug|x64
		Debug|x86 = Debug|x86
		Release|x64 = Release|x64
		Release|x86 = Release|x86
	EndGlobalSection
	GlobalSection(ProjectConfigurationPlatforms) = postSolution
		{58430592-89B7-4526-876A-24BD91D60BD5}.Debug|x64.ActiveCfg = Debug|x64
		{58430592-89B7-4526-876A-24BD91D60BD5}.Debug|x64.Build.0 = Debug|x64
		{58430592-89B7-4526-876A-24BD91D60BD5}.Debug|x86.ActiveCfg = Debug|Win32
		{58430592-89B7-4526-876A-24BD91D60BD5}.Debug|x86.Build.0 = Debug|Win32
		{58430592-89B7-4526-876A-24BD91D60BD5}.Release|x64.ActiveCfg = Release|x64
		{58430592-89B7-4526-876A-24BD91D60BD5}.Release|x64.Build.0 = Release|x64
		{58430592-89B7-4526-876A-24BD91D60BD5}.Release|x86.ActiveCfg = Release|Win32
		{58430592-89B7-4526-876A-24BD91D60BD5}.Release|x86.Build.0 = Release|Win32
	EndGlobalSection
	GlobalSection(SolutionProperties) = preSolution
		HideSolutionNode = FALSE
	EndGlobalSection
	GlobalSection(ExtensibilityGlobals) = postSolution
		SolutionGuid = {8B4C1678-B0F8-4C92-A270-4339FF0A4DDC}
	EndGlobalSection
EndGlobal
